
Microsoft Visual Studio Solution File, Format Version 12.00
# Visual Studio Version 16
VisualStudioVersion = 16.0.29709.97
MinimumVisualStudioVersion = 10.0.40219.1
Project("{9A19103F-16F7-4668-BE54-9A1E7A4F7556}") = "QuizAPI", "QuizAPI.csproj", "{65BE60AB-2E40-42A3-B8D6-095237DBDC31}"
EndProject
Global
	GlobalSection(SolutionConfigurationPlatforms) = preSolution
		Debug|Any CPU = Debug|Any CPU
		Release|Any CPU = Release|Any CPU
	EndGlobalSection
	GlobalSection(ProjectConfigurationPlatforms) = postSolution
		{65BE60AB-2E40-42A3-B8D6-095237DBDC31}.Debug|Any CPU.ActiveCfg = Debug|Any CPU
		{65BE60AB-2E40-42A3-B8D6-095237DBDC31}.Debug|Any CPU.Build.0 = Debug|Any CPU
		{65BE60AB-2E40-42A3-B8D6-095237DBDC31}.Release|Any CPU.ActiveCfg = Release|Any CPU
		{65BE60AB-2E40-42A3-B8D6-095237DBDC31}.Release|Any CPU.Build.0 = Release|Any CPU
	EndGlobalSection
	GlobalSection(SolutionProperties) = preSolution
		HideSolutionNode = FALSE
	EndGlobalSection
	GlobalSection(ExtensibilityGlobals) = postSolution
		SolutionGuid = {7FCA0166-0FFA-4C8D-966F-F7C6222212CB}
	EndGlobalSection
EndGlobal
